
Microsoft Visual Studio Solution File, Format Version 12.00
# Visual Studio Version 17
VisualStudioVersion = 17.0.31903.59
MinimumVisualStudioVersion = 10.0.40219.1
Project("{2150E333-8FDC-42A3-9474-1A3956D46DE8}") = "src", "src", "{827E0CD3-B72D-47B6-A68D-7590B98EB39B}"
EndProject
Project("{FAE04EC0-301F-11D3-BF4B-00C04F79EFBC}") = "TurnOS.Domain", "src\TurnOS.Domain\TurnOS.Domain.csproj", "{DB65AA56-D50A-46C2-A301-0EFFD7266545}"
EndProject
Project("{FAE04EC0-301F-11D3-BF4B-00C04F79EFBC}") = "TurnOS.Application", "src\TurnOS.Application\TurnOS.Application.csproj", "{DCE64512-9C58-4A22-B038-27CF11680149}"
EndProject
Project("{FAE04EC0-301F-11D3-BF4B-00C04F79EFBC}") = "TurnOS.Infrastructure", "src\TurnOS.Infrastructure\TurnOS.Infrastructure.csproj", "{5798C5A3-4199-4362-B6EB-32F741CC0FFA}"
EndProject
Project("{FAE04EC0-301F-11D3-BF4B-00C04F79EFBC}") = "TurnOS.API", "src\TurnOS.API\TurnOS.API.csproj", "{4463480E-7627-4011-89F4-89D15FE0D60A}"
EndProject
Project("{2150E333-8FDC-42A3-9474-1A3956D46DE8}") = "tests", "tests", "{0AB3BF05-4346-4AA6-1389-037BE0695223}"
EndProject
Project("{FAE04EC0-301F-11D3-BF4B-00C04F79EFBC}") = "TurnOS.UnitTests", "tests\TurnOS.UnitTests\TurnOS.UnitTests.csproj", "{C4C2F525-E8A9-4B9A-938F-54AAFD9D88DF}"
EndProject
Global
	GlobalSection(SolutionConfigurationPlatforms) = preSolution
		Debug|Any CPU = Debug|Any CPU
		Debug|x64 = Debug|x64
		Debug|x86 = Debug|x86
		Release|Any CPU = Release|Any CPU
		Release|x64 = Release|x64
		Release|x86 = Release|x86
	EndGlobalSection
	GlobalSection(ProjectConfigurationPlatforms) = postSolution
		{DB65AA56-D50A-46C2-A301-0EFFD7266545}.Debug|Any CPU.ActiveCfg = Debug|Any CPU
		{DB65AA56-D50A-46C2-A301-0EFFD7266545}.Debug|Any CPU.Build.0 = Debug|Any CPU
		{DB65AA56-D50A-46C2-A301-0EFFD7266545}.Debug|x64.ActiveCfg = Debug|Any CPU
		{DB65AA56-D50A-46C2-A301-0EFFD7266545}.Debug|x64.Build.0 = Debug|Any CPU
		{DB65AA56-D50A-46C2-A301-0EFFD7266545}.Debug|x86.ActiveCfg = Debug|Any CPU
		{DB65AA56-D50A-46C2-A301-0EFFD7266545}.Debug|x86.Build.0 = Debug|Any CPU
		{DB65AA56-D50A-46C2-A301-0EFFD7266545}.Release|Any CPU.ActiveCfg = Release|Any CPU
		{DB65AA56-D50A-46C2-A301-0EFFD7266545}.Release|Any CPU.Build.0 = Release|Any CPU
		{DB65AA56-D50A-46C2-A301-0EFFD7266545}.Release|x64.ActiveCfg = Release|Any CPU
		{DB65AA56-D50A-46C2-A301-0EFFD7266545}.Release|x64.Build.0 = Release|Any CPU
		{DB65AA56-D50A-46C2-A301-0EFFD7266545}.Release|x86.ActiveCfg = Release|Any CPU
		{DB65AA56-D50A-46C2-A301-0EFFD7266545}.Release|x86.Build.0 = Release|Any CPU
		{DCE64512-9C58-4A22-B038-27CF11680149}.Debug|Any CPU.ActiveCfg = Debug|Any CPU
		{DCE64512-9C58-4A22-B038-27CF11680149}.Debug|Any CPU.Build.0 = Debug|Any CPU
		{DCE64512-9C58-4A22-B038-27CF11680149}.Debug|x64.ActiveCfg = Debug|Any CPU
		{DCE64512-9C58-4A22-B038-27CF11680149}.Debug|x64.Build.0 = Debug|Any CPU
		{DCE64512-9C58-4A22-B038-27CF11680149}.Debug|x86.ActiveCfg = Debug|Any CPU
		{DCE64512-9C58-4A22-B038-27CF11680149}.Debug|x86.Build.0 = Debug|Any CPU
		{DCE64512-9C58-4A22-B038-27CF11680149}.Release|Any CPU.ActiveCfg = Release|Any CPU
		{DCE64512-9C58-4A22-B038-27CF11680149}.Release|Any CPU.Build.0 = Release|Any CPU
		{DCE64512-9C58-4A22-B038-27CF11680149}.Release|x64.ActiveCfg = Release|Any CPU
		{DCE64512-9C58-4A22-B038-27CF11680149}.Release|x64.Build.0 = Release|Any CPU
		{DCE64512-9C58-4A22-B038-27CF11680149}.Release|x86.ActiveCfg = Release|Any CPU
		{DCE64512-9C58-4A22-B038-27CF11680149}.Release|x86.Build.0 = Release|Any CPU
		{5798C5A3-4199-4362-B6EB-32F741CC0FFA}.Debug|Any CPU.ActiveCfg = Debug|Any CPU
		{5798C5A3-4199-4362-B6EB-32F741CC0FFA}.Debug|Any CPU.Build.0 = Debug|Any CPU
		{5798C5A3-4199-4362-B6EB-32F741CC0FFA}.Debug|x64.ActiveCfg = Debug|Any CPU
		{5798C5A3-4199-4362-B6EB-32F741CC0FFA}.Debug|x64.Build.0 = Debug|Any CPU
		{5798C5A3-4199-4362-B6EB-32F741CC0FFA}.Debug|x86.ActiveCfg = Debug|Any CPU
		{5798C5A3-4199-4362-B6EB-32F741CC0FFA}.Debug|x86.Build.0 = Debug|Any CPU
		{5798C5A3-4199-4362-B6EB-32F741CC0FFA}.Release|Any CPU.ActiveCfg = Release|Any CPU
		{5798C5A3-4199-4362-B6EB-32F741CC0FFA}.Release|Any CPU.Build.0 = Release|Any CPU
		{5798C5A3-4199-4362-B6EB-32F741CC0FFA}.Release|x64.ActiveCfg = Release|Any CPU
		{5798C5A3-4199-4362-B6EB-32F741CC0FFA}.Release|x64.Build.0 = Release|Any CPU
		{5798C5A3-4199-4362-B6EB-32F741CC0FFA}.Release|x86.ActiveCfg = Release|Any CPU
		{5798C5A3-4199-4362-B6EB-32F741CC0FFA}.Release|x86.Build.0 = Release|Any CPU
		{4463480E-7627-4011-89F4-89D15FE0D60A}.Debug|Any CPU.ActiveCfg = Debug|Any CPU
		{4463480E-7627-4011-89F4-89D15FE0D60A}.Debug|Any CPU.Build.0 = Debug|Any CPU
		{4463480E-7627-4011-89F4-89D15FE0D60A}.Debug|x64.ActiveCfg = Debug|Any CPU
		{4463480E-7627-4011-89F4-89D15FE0D60A}.Debug|x64.Build.0 = Debug|Any CPU
		{4463480E-7627-4011-89F4-89D15FE0D60A}.Debug|x86.ActiveCfg = Debug|Any CPU
		{4463480E-7627-4011-89F4-89D15FE0D60A}.Debug|x86.Build.0 = Debug|Any CPU
		{4463480E-7627-4011-89F4-89D15FE0D60A}.Release|Any CPU.ActiveCfg = Release|Any CPU
		{4463480E-7627-4011-89F4-89D15FE0D60A}.Release|Any CPU.Build.0 = Release|Any CPU
		{4463480E-7627-4011-89F4-89D15FE0D60A}.Release|x64.ActiveCfg = Release|Any CPU
		{4463480E-7627-4011-89F4-89D15FE0D60A}.Release|x64.Build.0 = Release|Any CPU
		{4463480E-7627-4011-89F4-89D15FE0D60A}.Release|x86.ActiveCfg = Release|Any CPU
		{4463480E-7627-4011-89F4-89D15FE0D60A}.Release|x86.Build.0 = Release|Any CPU
		{C4C2F525-E8A9-4B9A-938F-54AAFD9D88DF}.Debug|Any CPU.ActiveCfg = Debug|Any CPU
		{C4C2F525-E8A9-4B9A-938F-54AAFD9D88DF}.Debug|Any CPU.Build.0 = Debug|Any CPU
		{C4C2F525-E8A9-4B9A-938F-54AAFD9D88DF}.Debug|x64.ActiveCfg = Debug|Any CPU
		{C4C2F525-E8A9-4B9A-938F-54AAFD9D88DF}.Debug|x64.Build.0 = Debug|Any CPU
		{C4C2F525-E8A9-4B9A-938F-54AAFD9D88DF}.Debug|x86.ActiveCfg = Debug|Any CPU
		{C4C2F525-E8A9-4B9A-938F-54AAFD9D88DF}.Debug|x86.Build.0 = Debug|Any CPU
		{C4C2F525-E8A9-4B9A-938F-54AAFD9D88DF}.Release|Any CPU.ActiveCfg = Release|Any CPU
		{C4C2F525-E8A9-4B9A-938F-54AAFD9D88DF}.Release|Any CPU.Build.0 = Release|Any CPU
		{C4C2F525-E8A9-4B9A-938F-54AAFD9D88DF}.Release|x64.ActiveCfg = Release|Any CPU
		{C4C2F525-E8A9-4B9A-938F-54AAFD9D88DF}.Release|x64.Build.0 = Release|Any CPU
		{C4C2F525-E8A9-4B9A-938F-54AAFD9D88DF}.Release|x86.ActiveCfg = Release|Any CPU
		{C4C2F525-E8A9-4B9A-938F-54AAFD9D88DF}.Release|x86.Build.0 = Release|Any CPU
	EndGlobalSection
	GlobalSection(SolutionProperties) = preSolution
		HideSolutionNode = FALSE
	EndGlobalSection
	GlobalSection(NestedProjects) = preSolution
		{DB65AA56-D50A-46C2-A301-0EFFD7266545} = {827E0CD3-B72D-47B6-A68D-7590B98EB39B}
		{DCE64512-9C58-4A22-B038-27CF11680149} = {827E0CD3-B72D-47B6-A68D-7590B98EB39B}
		{5798C5A3-4199-4362-B6EB-32F741CC0FFA} = {827E0CD3-B72D-47B6-A68D-7590B98EB39B}
		{4463480E-7627-4011-89F4-89D15FE0D60A} = {827E0CD3-B72D-47B6-A68D-7590B98EB39B}
		{C4C2F525-E8A9-4B9A-938F-54AAFD9D88DF} = {0AB3BF05-4346-4AA6-1389-037BE0695223}
	EndGlobalSection
EndGlobal
